github.com/go-telegram/bot v1.17.0 h1:Hs0kGxSj97QFqOQP0zxduY/4tSx8QDzvNI9uVRS+zmY=
github.com/go-telegram/bot v1.17.0/go.mod h1:i2TRs7fXWIeaceF3z7KzsMt/he0TwkVC680mvdTFYeM=
github.com/helix90/golem v1.0.5 h1:tv8NA6KbKwfX0WtPq4mLNI342zr/ESlL+fJ2g87Puno=
github.com/helix90/golem v1.0.5/go.mod h1:DiAJPhtnYldnk26AJWzlfYC7X39Dy2VLqtmq89gWjNs=
